
Microsoft Visual Studio Solution File, Format Version 12.00
# Visual Studio Version 17
VisualStudioVersion = 17.4.33103.184
MinimumVisualStudioVersion = 10.0.40219.1
Project("{FAE04EC0-301F-11D3-BF4B-00C04F79EFBC}") = "BankSMSParser", "BankSMSParser\BankSMSParser.csproj", "{DC51E4F1-BF5A-4F28-8DA9-E8540FCE95D5}"
EndProject
Global
	GlobalSection(SolutionConfigurationPlatforms) = preSolution
		Debug|Any CPU = Debug|Any CPU
		Release|Any CPU = Release|Any CPU
	EndGlobalSection
	GlobalSection(ProjectConfigurationPlatforms) = postSolution
		{DC51E4F1-BF5A-4F28-8DA9-E8540FCE95D5}.Debug|Any CPU.ActiveCfg = Debug|Any CPU
		{DC51E4F1-BF5A-4F28-8DA9-E8540FCE95D5}.Debug|Any CPU.Build.0 = Debug|Any CPU
		{DC51E4F1-BF5A-4F28-8DA9-E8540FCE95D5}.Release|Any CPU.ActiveCfg = Release|Any CPU
		{DC51E4F1-BF5A-4F28-8DA9-E8540FCE95D5}.Release|Any CPU.Build.0 = Release|Any CPU
	EndGlobalSection
	GlobalSection(SolutionProperties) = preSolution
		HideSolutionNode = FALSE
	EndGlobalSection
	GlobalSection(ExtensibilityGlobals) = postSolution
		SolutionGuid = {404F9C3F-A51A-45CC-A330-0C3A20708E30}
	EndGlobalSection
EndGlobal
